
Microsoft Visual Studio Solution File, Format Version 12.00
# Visual Studio 14
VisualStudioVersion = 14.0.23107.0
MinimumVisualStudioVersion = 10.0.40219.1
Project("{FAE04EC0-301F-11D3-BF4B-00C04F79EFBC}") = "Judo.TextProcessor.Client", "Judo.TextProcessor.Client\Judo.TextProcessor.Client.csproj", "{08055BC6-00BD-4E22-9746-6EC673B6534F}"
EndProject
Project("{FAE04EC0-301F-11D3-BF4B-00C04F79EFBC}") = "Judo.TextProcessor.Lib", "Judo.TextProcessor.Lib\Judo.TextProcessor.Lib.csproj", "{83024724-EE22-4CCE-87E9-D4AA67F0EB49}"
EndProject
Global
	GlobalSection(SolutionConfigurationPlatforms) = preSolution
		Debug|Any CPU = Debug|Any CPU
		Release|Any CPU = Release|Any CPU
	EndGlobalSection
	GlobalSection(ProjectConfigurationPlatforms) = postSolution
		{08055BC6-00BD-4E22-9746-6EC673B6534F}.Debug|Any CPU.ActiveCfg = Debug|Any CPU
		{08055BC6-00BD-4E22-9746-6EC673B6534F}.Debug|Any CPU.Build.0 = Debug|Any CPU
		{08055BC6-00BD-4E22-9746-6EC673B6534F}.Release|Any CPU.ActiveCfg = Release|Any CPU
		{08055BC6-00BD-4E22-9746-6EC673B6534F}.Release|Any CPU.Build.0 = Release|Any CPU
		{83024724-EE22-4CCE-87E9-D4AA67F0EB49}.Debug|Any CPU.ActiveCfg = Debug|Any CPU
		{83024724-EE22-4CCE-87E9-D4AA67F0EB49}.Debug|Any CPU.Build.0 = Debug|Any CPU
		{83024724-EE22-4CCE-87E9-D4AA67F0EB49}.Release|Any CPU.ActiveCfg = Release|Any CPU
		{83024724-EE22-4CCE-87E9-D4AA67F0EB49}.Release|Any CPU.Build.0 = Release|Any CPU
	EndGlobalSection
	GlobalSection(SolutionProperties) = preSolution
		HideSolutionNode = FALSE
	EndGlobalSection
EndGlobal
